
Microsoft Visual Studio Solution File, Format Version 12.00
# Visual Studio Version 16
VisualStudioVersion = 16.0.30804.86
MinimumVisualStudioVersion = 10.0.40219.1
Project("{FAE04EC0-301F-11D3-BF4B-00C04F79EFBC}") = "TINH NGAY TIEP THEO", "TINH NGAY TIEP THEO\TINH NGAY TIEP THEO.csproj", "{3D39B973-4EC0-45AB-8CF2-88AAE2F25275}"
EndProject
Project("{FAE04EC0-301F-11D3-BF4B-00C04F79EFBC}") = "NextDayCalculatorTest", "NextDayCalculatorTest\NextDayCalculatorTest.csproj", "{BD0EE4A4-AC73-4361-8566-883092E8019E}"
EndProject
Global
	GlobalSection(SolutionConfigurationPlatforms) = preSolution
		Debug|Any CPU = Debug|Any CPU
		Release|Any CPU = Release|Any CPU
	EndGlobalSection
	GlobalSection(ProjectConfigurationPlatforms) = postSolution
		{3D39B973-4EC0-45AB-8CF2-88AAE2F25275}.Debug|Any CPU.ActiveCfg = Debug|Any CPU
		{3D39B973-4EC0-45AB-8CF2-88AAE2F25275}.Debug|Any CPU.Build.0 = Debug|Any CPU
		{3D39B973-4EC0-45AB-8CF2-88AAE2F25275}.Release|Any CPU.ActiveCfg = Release|Any CPU
		{3D39B973-4EC0-45AB-8CF2-88AAE2F25275}.Release|Any CPU.Build.0 = Release|Any CPU
		{BD0EE4A4-AC73-4361-8566-883092E8019E}.Debug|Any CPU.ActiveCfg = Debug|Any CPU
		{BD0EE4A4-AC73-4361-8566-883092E8019E}.Debug|Any CPU.Build.0 = Debug|Any CPU
		{BD0EE4A4-AC73-4361-8566-883092E8019E}.Release|Any CPU.ActiveCfg = Release|Any CPU
		{BD0EE4A4-AC73-4361-8566-883092E8019E}.Release|Any CPU.Build.0 = Release|Any CPU
	EndGlobalSection
	GlobalSection(SolutionProperties) = preSolution
		HideSolutionNode = FALSE
	EndGlobalSection
	GlobalSection(ExtensibilityGlobals) = postSolution
		SolutionGuid = {0276723D-A33B-48D1-A1CC-FA61649A1D63}
	EndGlobalSection
EndGlobal
